
Microsoft Visual Studio Solution File, Format Version 12.00
# Visual Studio Version 16
VisualStudioVersion = 16.0.31005.135
MinimumVisualStudioVersion = 10.0.40219.1
Project("{FAE04EC0-301F-11D3-BF4B-00C04F79EFBC}") = "App1.Android", "App1\App1.Android\App1.Android.csproj", "{FF34EE8E-DB63-40C4-9328-6A0349F5E2D2}"
EndProject
Project("{FAE04EC0-301F-11D3-BF4B-00C04F79EFBC}") = "App1.iOS", "App1\App1.iOS\App1.iOS.csproj", "{E338C6FF-C0C8-44A6-B310-D70C51143828}"
EndProject
Project("{9A19103F-16F7-4668-BE54-9A1E7A4F7556}") = "App1", "App1\App1\App1.csproj", "{D1567C3B-3686-43BD-8A2D-3CA43234BAB2}"
EndProject
Project("{2150E333-8FDC-42A3-9474-1A3956D46DE8}") = "Solution Items", "Solution Items", "{4ED4EBBD-60F1-4108-AA3A-7301588AE9C0}"
	ProjectSection(SolutionItems) = preProject
		.editorconfig = .editorconfig
	EndProjectSection
EndProject
Global
	GlobalSection(SolutionConfigurationPlatforms) = preSolution
		Debug|Any CPU = Debug|Any CPU
		Debug|iPhone = Debug|iPhone
		Debug|iPhoneSimulator = Debug|iPhoneSimulator
		Release|Any CPU = Release|Any CPU
		Release|iPhone = Release|iPhone
		Release|iPhoneSimulator = Release|iPhoneSimulator
	EndGlobalSection
	GlobalSection(ProjectConfigurationPlatforms) = postSolution
		{FF34EE8E-DB63-40C4-9328-6A0349F5E2D2}.Debug|Any CPU.ActiveCfg = Debug|Any CPU
		{FF34EE8E-DB63-40C4-9328-6A0349F5E2D2}.Debug|Any CPU.Build.0 = Debug|Any CPU
		{FF34EE8E-DB63-40C4-9328-6A0349F5E2D2}.Debug|Any CPU.Deploy.0 = Debug|Any CPU
		{FF34EE8E-DB63-40C4-9328-6A0349F5E2D2}.Debug|iPhone.ActiveCfg = Debug|Any CPU
		{FF34EE8E-DB63-40C4-9328-6A0349F5E2D2}.Debug|iPhone.Build.0 = Debug|Any CPU
		{FF34EE8E-DB63-40C4-9328-6A0349F5E2D2}.Debug|iPhone.Deploy.0 = Debug|Any CPU
		{FF34EE8E-DB63-40C4-9328-6A0349F5E2D2}.Debug|iPhoneSimulator.ActiveCfg = Debug|Any CPU
		{FF34EE8E-DB63-40C4-9328-6A0349F5E2D2}.Debug|iPhoneSimulator.Build.0 = Debug|Any CPU
		{FF34EE8E-DB63-40C4-9328-6A0349F5E2D2}.Debug|iPhoneSimulator.Deploy.0 = Debug|Any CPU
		{FF34EE8E-DB63-40C4-9328-6A0349F5E2D2}.Release|Any CPU.ActiveCfg = Release|Any CPU
		{FF34EE8E-DB63-40C4-9328-6A0349F5E2D2}.Release|Any CPU.Build.0 = Release|Any CPU
		{FF34EE8E-DB63-40C4-9328-6A0349F5E2D2}.Release|Any CPU.Deploy.0 = Release|Any CPU
		{FF34EE8E-DB63-40C4-9328-6A0349F5E2D2}.Release|iPhone.ActiveCfg = Release|Any CPU
		{FF34EE8E-DB63-40C4-9328-6A0349F5E2D2}.Release|iPhone.Build.0 = Release|Any CPU
		{FF34EE8E-DB63-40C4-9328-6A0349F5E2D2}.Release|iPhone.Deploy.0 = Release|Any CPU
		{FF34EE8E-DB63-40C4-9328-6A0349F5E2D2}.Release|iPhoneSimulator.ActiveCfg = Release|Any CPU
		{FF34EE8E-DB63-40C4-9328-6A0349F5E2D2}.Release|iPhoneSimulator.Build.0 = Release|Any CPU
		{FF34EE8E-DB63-40C4-9328-6A0349F5E2D2}.Release|iPhoneSimulator.Deploy.0 = Release|Any CPU
		{E338C6FF-C0C8-44A6-B310-D70C51143828}.Debug|Any CPU.ActiveCfg = Debug|iPhone
		{E338C6FF-C0C8-44A6-B310-D70C51143828}.Debug|Any CPU.Build.0 = Debug|iPhone
		{E338C6FF-C0C8-44A6-B310-D70C51143828}.Debug|Any CPU.Deploy.0 = Debug|iPhone
		{E338C6FF-C0C8-44A6-B310-D70C51143828}.Debug|iPhone.ActiveCfg = Debug|iPhone
		{E338C6FF-C0C8-44A6-B310-D70C51143828}.Debug|iPhone.Build.0 = Debug|iPhone
		{E338C6FF-C0C8-44A6-B310-D70C51143828}.Debug|iPhone.Deploy.0 = Debug|iPhone
		{E338C6FF-C0C8-44A6-B310-D70C51143828}.Debug|iPhoneSimulator.ActiveCfg = Debug|iPhoneSimulator
		{E338C6FF-C0C8-44A6-B310-D70C51143828}.Debug|iPhoneSimulator.Build.0 = Debug|iPhoneSimulator
		{E338C6FF-C0C8-44A6-B310-D70C51143828}.Debug|iPhoneSimulator.Deploy.0 = Debug|iPhoneSimulator
		{E338C6FF-C0C8-44A6-B310-D70C51143828}.Release|Any CPU.ActiveCfg = Release|iPhoneSimulator
		{E338C6FF-C0C8-44A6-B310-D70C51143828}.Release|Any CPU.Build.0 = Release|iPhoneSimulator
		{E338C6FF-C0C8-44A6-B310-D70C51143828}.Release|Any CPU.Deploy.0 = Release|iPhoneSimulator
		{E338C6FF-C0C8-44A6-B310-D70C51143828}.Release|iPhone.ActiveCfg = Release|iPhone
		{E338C6FF-C0C8-44A6-B310-D70C51143828}.Release|iPhone.Build.0 = Release|iPhone
		{E338C6FF-C0C8-44A6-B310-D70C51143828}.Release|iPhone.Deploy.0 = Release|iPhone
		{E338C6FF-C0C8-44A6-B310-D70C51143828}.Release|iPhoneSimulator.ActiveCfg = Release|iPhoneSimulator
		{E338C6FF-C0C8-44A6-B310-D70C51143828}.Release|iPhoneSimulator.Build.0 = Release|iPhoneSimulator
		{E338C6FF-C0C8-44A6-B310-D70C51143828}.Release|iPhoneSimulator.Deploy.0 = Release|iPhoneSimulator
		{D1567C3B-3686-43BD-8A2D-3CA43234BAB2}.Debug|Any CPU.ActiveCfg = Debug|Any CPU
		{D1567C3B-3686-43BD-8A2D-3CA43234BAB2}.Debug|Any CPU.Build.0 = Debug|Any CPU
		{D1567C3B-3686-43BD-8A2D-3CA43234BAB2}.Debug|Any CPU.Deploy.0 = Debug|Any CPU
		{D1567C3B-3686-43BD-8A2D-3CA43234BAB2}.Debug|iPhone.ActiveCfg = Debug|Any CPU
		{D1567C3B-3686-43BD-8A2D-3CA43234BAB2}.Debug|iPhone.Build.0 = Debug|Any CPU
		{D1567C3B-3686-43BD-8A2D-3CA43234BAB2}.Debug|iPhone.Deploy.0 = Debug|Any CPU
		{D1567C3B-3686-43BD-8A2D-3CA43234BAB2}.Debug|iPhoneSimulator.ActiveCfg = Debug|Any CPU
		{D1567C3B-3686-43BD-8A2D-3CA43234BAB2}.Debug|iPhoneSimulator.Build.0 = Debug|Any CPU
		{D1567C3B-3686-43BD-8A2D-3CA43234BAB2}.Debug|iPhoneSimulator.Deploy.0 = Debug|Any CPU
		{D1567C3B-3686-43BD-8A2D-3CA43234BAB2}.Release|Any CPU.ActiveCfg = Release|Any CPU
		{D1567C3B-3686-43BD-8A2D-3CA43234BAB2}.Release|Any CPU.Build.0 = Release|Any CPU
		{D1567C3B-3686-43BD-8A2D-3CA43234BAB2}.Release|Any CPU.Deploy.0 = Release|Any CPU
		{D1567C3B-3686-43BD-8A2D-3CA43234BAB2}.Release|iPhone.ActiveCfg = Release|Any CPU
		{D1567C3B-3686-43BD-8A2D-3CA43234BAB2}.Release|iPhone.Build.0 = Release|Any CPU
		{D1567C3B-3686-43BD-8A2D-3CA43234BAB2}.Release|iPhone.Deploy.0 = Release|Any CPU
		{D1567C3B-3686-43BD-8A2D-3CA43234BAB2}.Release|iPhoneSimulator.ActiveCfg = Release|Any CPU
		{D1567C3B-3686-43BD-8A2D-3CA43234BAB2}.Release|iPhoneSimulator.Build.0 = Release|Any CPU
		{D1567C3B-3686-43BD-8A2D-3CA43234BAB2}.Release|iPhoneSimulator.Deploy.0 = Release|Any CPU
	EndGlobalSection
	GlobalSection(SolutionProperties) = preSolution
		HideSolutionNode = FALSE
	EndGlobalSection
	GlobalSection(ExtensibilityGlobals) = postSolution
		SolutionGuid = {8389DAA0-8A0D-4F5C-9294-63362B10BBAC}
	EndGlobalSection
EndGlobal
